<?xml version="1.0" encoding="utf-8"?>
<Project ToolsVersion="4.0" xmlns="http://schemas.microsoft.com/developer/msbuild/2003">
  <ItemGroup>
    <Filter Include="Source Files">
      <UniqueIdentifier>{4FC737F1-C7A5-4376-A066-2A32D752A2FF}</UniqueIdentifier>
      <Extensions>cpp;c;cc;cxx;def;odl;idl;hpj;bat;asm;asmx</Extensions>
    </Filter>
    <Filter Include="Header Files">
      <UniqueIdentifier>{93995380-89BD-4b04-88EB-625FBE52EBFB}</UniqueIdentifier>
      <Extensions>h;hh;hpp;hxx;hm;inl;inc;xsd</Extensions>
    </Filter>
    <Filter Include="Resource Files">
      <UniqueIdentifier>{67DA6AB6-F800-4c08-8B7A-83BB121AAD01}</UniqueIdentifier>
      <Extensions>rc;ico;cur;bmp;dlg;rc2;rct;bin;rgs;gif;jpg;jpeg;jpe;resx;tiff;tif;png;wav;mfcribbon-ms</Extensions>
    </Filter>
    <Filter Include="Source Files\algo_book">
      <UniqueIdentifier>{0cc614f7-b432-4a96-bb49-dc0f5e96b82a}</UniqueIdentifier>
    </Filter>
  </ItemGroup>
  <ItemGroup>
    <ClCompile Include="fib_BU_TD.cpp">
      <Filter>Source Files</Filter>
    </ClCompile>
    <ClCompile Include="Q_1463.cpp">
      <Filter>Source Files</Filter>
    </ClCompile>
    <ClCompile Include="Q_11726.cpp">
      <Filter>Source Files</Filter>
    </ClCompile>
    <ClCompile Include="Q_9095.cpp">
      <Filter>Source Files</Filter>
    </ClCompile>
    <ClCompile Include="Q_11052.cpp">
      <Filter>Source Files</Filter>
    </ClCompile>
    <ClCompile Include="Q_10844.cpp">
      <Filter>Source Files</Filter>
    </ClCompile>
    <ClCompile Include="Q_11057.cpp">
      <Filter>Source Files</Filter>
    </ClCompile>
    <ClCompile Include="Q_2193.cpp">
      <Filter>Source Files</Filter>
    </ClCompile>
    <ClCompile Include="Q_9465.cpp">
      <Filter>Source Files</Filter>
    </ClCompile>
    <ClCompile Include="Q_2156.cpp">
      <Filter>Source Files</Filter>
    </ClCompile>
    <ClCompile Include="Q_11053.cpp">
      <Filter>Source Files</Filter>
    </ClCompile>
    <ClCompile Include="Q_11055.cpp">
      <Filter>Source Files</Filter>
    </ClCompile>
    <ClCompile Include="Q_1912.cpp">
      <Filter>Source Files</Filter>
    </ClCompile>
    <ClCompile Include="PICNIC.cpp">
      <Filter>Source Files\algo_book</Filter>
    </ClCompile>
    <ClCompile Include="Source.cpp">
      <Filter>Source Files\algo_book</Filter>
    </ClCompile>
    <ClCompile Include="lunch_time.cpp">
      <Filter>Source Files\algo_book</Filter>
    </ClCompile>
    <ClCompile Include="Q_11650.cpp">
      <Filter>Source Files</Filter>
    </ClCompile>
    <ClCompile Include="Q_11651.cpp">
      <Filter>Source Files</Filter>
    </ClCompile>
    <ClCompile Include="Q_10814.cpp">
      <Filter>Source Files</Filter>
    </ClCompile>
    <ClCompile Include="Q_10825.cpp">
      <Filter>Source Files</Filter>
    </ClCompile>
    <ClCompile Include="Q_10989.cpp">
      <Filter>Source Files</Filter>
    </ClCompile>
    <ClCompile Include="Q_10992.cpp">
      <Filter>Source Files</Filter>
    </ClCompile>
    <ClCompile Include="Q_11652.cpp">
      <Filter>Source Files</Filter>
    </ClCompile>
    <ClCompile Include="Q_11004.cpp">
      <Filter>Source Files</Filter>
    </ClCompile>
    <ClCompile Include="Q_1377.cpp">
      <Filter>Source Files</Filter>
    </ClCompile>
    <ClCompile Include="Q_14499.cpp">
      <Filter>Source Files</Filter>
    </ClCompile>
    <ClCompile Include="Q_14891.cpp">
      <Filter>Source Files</Filter>
    </ClCompile>
    <ClCompile Include="Q_14503.cpp">
      <Filter>Source Files</Filter>
    </ClCompile>
    <ClCompile Include="Q_3190.cpp">
      <Filter>Source Files</Filter>
    </ClCompile>
    <ClCompile Include="Q_3568.cpp">
      <Filter>Source Files</Filter>
    </ClCompile>
    <ClCompile Include="Q_14502.cpp">
      <Filter>Source Files</Filter>
    </ClCompile>
    <ClCompile Include="Q_15684.cpp">
      <Filter>Source Files</Filter>
    </ClCompile>
    <ClCompile Include="Q_2210.cpp">
      <Filter>Source Files</Filter>
    </ClCompile>
    <ClCompile Include="Q_2422.cpp">
      <Filter>Source Files</Filter>
    </ClCompile>
    <ClCompile Include="Q_16198.cpp">
      <Filter>Source Files</Filter>
    </ClCompile>
    <ClCompile Include="Q_14889.cpp">
      <Filter>Source Files</Filter>
    </ClCompile>
    <ClCompile Include="Q_14442.cpp">
      <Filter>Source Files</Filter>
    </ClCompile>
    <ClCompile Include="Q_5014.cpp">
      <Filter>Source Files</Filter>
    </ClCompile>
    <ClCompile Include="Q10026.cpp">
      <Filter>Source Files</Filter>
    </ClCompile>
    <ClCompile Include="Q_3197.cpp">
      <Filter>Source Files</Filter>
    </ClCompile>
    <ClCompile Include="Q_14395.cpp">
      <Filter>Source Files</Filter>
    </ClCompile>
    <ClCompile Include="Q_15486.cpp">
      <Filter>Source Files</Filter>
    </ClCompile>
    <ClCompile Include="SE_1244.cpp">
      <Filter>Source Files</Filter>
    </ClCompile>
    <ClCompile Include="Q_12869.cpp">
      <Filter>Source Files</Filter>
    </ClCompile>
    <ClCompile Include="Q_15686.cpp">
      <Filter>Source Files</Filter>
    </ClCompile>
    <ClCompile Include="Q_13460.cpp">
      <Filter>Source Files</Filter>
    </ClCompile>
    <ClCompile Include="Q_13458.cpp">
      <Filter>Source Files</Filter>
    </ClCompile>
    <ClCompile Include="Q_14500.cpp">
      <Filter>Source Files</Filter>
    </ClCompile>
    <ClCompile Include="Q_14501.cpp">
      <Filter>Source Files</Filter>
    </ClCompile>
    <ClCompile Include="Q_14888.cpp">
      <Filter>Source Files</Filter>
    </ClCompile>
  </ItemGroup>
</Project>